
Microsoft Visual Studio Solution File, Format Version 12.00
Project("{FAE04EC0-301F-11D3-BF4B-00C04F79EFBC}") = "WebAPI", "WebAPI\WebAPI.csproj", "{64C6D6AA-CBDE-4928-A41D-1D57D1889504}"
EndProject
Project("{FAE04EC0-301F-11D3-BF4B-00C04F79EFBC}") = "Blazor", "Blazor\Blazor.csproj", "{8E45B29E-D5A0-415F-B432-41C75D8F9B37}"
EndProject
Global
	GlobalSection(SolutionConfigurationPlatforms) = preSolution
		Debug|Any CPU = Debug|Any CPU
		Release|Any CPU = Release|Any CPU
	EndGlobalSection
	GlobalSection(ProjectConfigurationPlatforms) = postSolution
		{64C6D6AA-CBDE-4928-A41D-1D57D1889504}.Debug|Any CPU.ActiveCfg = Debug|Any CPU
		{64C6D6AA-CBDE-4928-A41D-1D57D1889504}.Debug|Any CPU.Build.0 = Debug|Any CPU
		{64C6D6AA-CBDE-4928-A41D-1D57D1889504}.Release|Any CPU.ActiveCfg = Release|Any CPU
		{64C6D6AA-CBDE-4928-A41D-1D57D1889504}.Release|Any CPU.Build.0 = Release|Any CPU
		{8E45B29E-D5A0-415F-B432-41C75D8F9B37}.Debug|Any CPU.ActiveCfg = Debug|Any CPU
		{8E45B29E-D5A0-415F-B432-41C75D8F9B37}.Debug|Any CPU.Build.0 = Debug|Any CPU
		{8E45B29E-D5A0-415F-B432-41C75D8F9B37}.Release|Any CPU.ActiveCfg = Release|Any CPU
		{8E45B29E-D5A0-415F-B432-41C75D8F9B37}.Release|Any CPU.Build.0 = Release|Any CPU
	EndGlobalSection
EndGlobal
